
Microsoft Visual Studio Solution File, Format Version 12.00
# Visual Studio Version 17
VisualStudioVersion = 17.4.33205.214
MinimumVisualStudioVersion = 10.0.40219.1
Project("{9A19103F-16F7-4668-BE54-9A1E7A4F7556}") = "ExamApp", "ExamApp\ExamApp.csproj", "{C6060074-3EDA-4851-9FFE-DC1BD504C8E0}"
EndProject
Project("{9A19103F-16F7-4668-BE54-9A1E7A4F7556}") = "ExamApp.Domain", "ExamApp.Domain\ExamApp.Domain.csproj", "{6BE1B008-2348-43BF-B212-8F2BD42C8100}"
EndProject
Project("{9A19103F-16F7-4668-BE54-9A1E7A4F7556}") = "ExamApp.Infra", "ExamApp.Infra\ExamApp.Infra.csproj", "{BFDE40B8-8C63-499B-BB83-9DF5801EA4F5}"
EndProject
Project("{9A19103F-16F7-4668-BE54-9A1E7A4F7556}") = "ExamApp.Models", "ExamApp.Models\ExamApp.Models.csproj", "{59545A27-9BAB-44E0-8BB9-AC7481AA21C3}"
EndProject
Project("{FAE04EC0-301F-11D3-BF4B-00C04F79EFBC}") = "ExamApp.Domain.Tests", "ExamApp.Domain.Tests\ExamApp.Domain.Tests.csproj", "{5DBDD1B8-B273-4042-B6CC-E169BE8C3B1D}"
EndProject
Project("{FAE04EC0-301F-11D3-BF4B-00C04F79EFBC}") = "ExamApp.Tests.Utilities", "ExamApp.Tests.Utilities\ExamApp.Tests.Utilities.csproj", "{502ACA24-B8A4-44D1-AACE-D1526C1ADDC3}"
EndProject
Global
	GlobalSection(SolutionConfigurationPlatforms) = preSolution
		Debug|Any CPU = Debug|Any CPU
		Release|Any CPU = Release|Any CPU
	EndGlobalSection
	GlobalSection(ProjectConfigurationPlatforms) = postSolution
		{C6060074-3EDA-4851-9FFE-DC1BD504C8E0}.Debug|Any CPU.ActiveCfg = Debug|Any CPU
		{C6060074-3EDA-4851-9FFE-DC1BD504C8E0}.Debug|Any CPU.Build.0 = Debug|Any CPU
		{C6060074-3EDA-4851-9FFE-DC1BD504C8E0}.Release|Any CPU.ActiveCfg = Release|Any CPU
		{C6060074-3EDA-4851-9FFE-DC1BD504C8E0}.Release|Any CPU.Build.0 = Release|Any CPU
		{6BE1B008-2348-43BF-B212-8F2BD42C8100}.Debug|Any CPU.ActiveCfg = Debug|Any CPU
		{6BE1B008-2348-43BF-B212-8F2BD42C8100}.Debug|Any CPU.Build.0 = Debug|Any CPU
		{6BE1B008-2348-43BF-B212-8F2BD42C8100}.Release|Any CPU.ActiveCfg = Release|Any CPU
		{6BE1B008-2348-43BF-B212-8F2BD42C8100}.Release|Any CPU.Build.0 = Release|Any CPU
		{BFDE40B8-8C63-499B-BB83-9DF5801EA4F5}.Debug|Any CPU.ActiveCfg = Debug|Any CPU
		{BFDE40B8-8C63-499B-BB83-9DF5801EA4F5}.Debug|Any CPU.Build.0 = Debug|Any CPU
		{BFDE40B8-8C63-499B-BB83-9DF5801EA4F5}.Release|Any CPU.ActiveCfg = Release|Any CPU
		{BFDE40B8-8C63-499B-BB83-9DF5801EA4F5}.Release|Any CPU.Build.0 = Release|Any CPU
		{59545A27-9BAB-44E0-8BB9-AC7481AA21C3}.Debug|Any CPU.ActiveCfg = Debug|Any CPU
		{59545A27-9BAB-44E0-8BB9-AC7481AA21C3}.Debug|Any CPU.Build.0 = Debug|Any CPU
		{59545A27-9BAB-44E0-8BB9-AC7481AA21C3}.Release|Any CPU.ActiveCfg = Release|Any CPU
		{59545A27-9BAB-44E0-8BB9-AC7481AA21C3}.Release|Any CPU.Build.0 = Release|Any CPU
		{5DBDD1B8-B273-4042-B6CC-E169BE8C3B1D}.Debug|Any CPU.ActiveCfg = Debug|Any CPU
		{5DBDD1B8-B273-4042-B6CC-E169BE8C3B1D}.Debug|Any CPU.Build.0 = Debug|Any CPU
		{5DBDD1B8-B273-4042-B6CC-E169BE8C3B1D}.Release|Any CPU.ActiveCfg = Release|Any CPU
		{5DBDD1B8-B273-4042-B6CC-E169BE8C3B1D}.Release|Any CPU.Build.0 = Release|Any CPU
		{502ACA24-B8A4-44D1-AACE-D1526C1ADDC3}.Debug|Any CPU.ActiveCfg = Debug|Any CPU
		{502ACA24-B8A4-44D1-AACE-D1526C1ADDC3}.Debug|Any CPU.Build.0 = Debug|Any CPU
		{502ACA24-B8A4-44D1-AACE-D1526C1ADDC3}.Release|Any CPU.ActiveCfg = Release|Any CPU
		{502ACA24-B8A4-44D1-AACE-D1526C1ADDC3}.Release|Any CPU.Build.0 = Release|Any CPU
	EndGlobalSection
	GlobalSection(SolutionProperties) = preSolution
		HideSolutionNode = FALSE
	EndGlobalSection
	GlobalSection(ExtensibilityGlobals) = postSolution
		SolutionGuid = {4C469B2C-F839-49FC-8702-4FAB3184EA07}
	EndGlobalSection
EndGlobal
